
Microsoft Visual Studio Solution File, Format Version 12.00
# Visual Studio 14
VisualStudioVersion = 14.0.24720.0
MinimumVisualStudioVersion = 10.0.40219.1
Project("{2150E333-8FDC-42A3-9474-1A3956D46DE8}") = "SAL", "SAL", "{7BED7342-365E-4233-A2F5-F15B42845B38}"
EndProject
Project("{FAE04EC0-301F-11D3-BF4B-00C04F79EFBC}") = "SAL.Flatbed", "SAL.Flatbed\SAL.Flatbed.csproj", "{AE0684D6-BBE5-4F24-94CE-9B46813136EB}"
EndProject
Project("{2150E333-8FDC-42A3-9474-1A3956D46DE8}") = "Developer", "Developer", "{AF139932-022A-46B7-9972-86C007E48606}"
EndProject
Project("{2150E333-8FDC-42A3-9474-1A3956D46DE8}") = "FxExts", "FxExts", "{A6D0346D-6C28-4D1C-9E19-40D5CBF8B4AC}"
EndProject
Project("{FAE04EC0-301F-11D3-BF4B-00C04F79EFBC}") = "ZU.PresentationFramework", "ZU.PresentationFramework\ZU.PresentationFramework.csproj", "{A977BA8B-1C7A-43DC-BA66-DA261A83C9F0}"
EndProject
Project("{FAE04EC0-301F-11D3-BF4B-00C04F79EFBC}") = "ZU.WindowsBase", "ZU.WindowsBase\ZU.WindowsBase.csproj", "{631828EB-4E91-455F-8247-64AA23D7308F}"
EndProject
Project("{FAE04EC0-301F-11D3-BF4B-00C04F79EFBC}") = "ZU.Core.Developer", "ZU.Core.Developer\ZU.Core.Developer.csproj", "{F7C690C1-0543-41C2-8968-DFFD94F242B1}"
EndProject
Project("{2150E333-8FDC-42A3-9474-1A3956D46DE8}") = "ZU", "ZU", "{C59F5D17-2A73-487A-9FB3-840F1C9ABCB1}"
EndProject
Project("{2150E333-8FDC-42A3-9474-1A3956D46DE8}") = "Microsoft", "Microsoft", "{EF2549E6-1D61-4798-8D37-2D10F40B1447}"
EndProject
Project("{2150E333-8FDC-42A3-9474-1A3956D46DE8}") = "WindowsAPICodePack", "WindowsAPICodePack", "{BF465B87-F007-48E5-BDDE-90B67F327777}"
EndProject
Project("{FAE04EC0-301F-11D3-BF4B-00C04F79EFBC}") = "Core", "WACP\Core\Core.csproj", "{2E1FB0DF-F9BB-4909-9F32-2D9D022A8E57}"
EndProject
Project("{FAE04EC0-301F-11D3-BF4B-00C04F79EFBC}") = "Shell", "WACP\Shell\Shell.csproj", "{AA0C00CB-8699-4F37-BFAE-40CA87ACC06D}"
EndProject
Project("{FAE04EC0-301F-11D3-BF4B-00C04F79EFBC}") = "ShellExtensions", "WACP\ShellExtensions\ShellExtensions.csproj", "{F3C863EC-33F4-4ED2-9D67-00BF3EEEAB64}"
EndProject
Project("{8BC9CEB8-8B4A-11D0-8D11-00A0C91BC942}") = "Microsoft.WindowsAPICodePack.DirectX", "WACP\DirectX\DirectX\DirectX.vcxproj", "{446B1E21-65A1-4F56-AA2C-D2E24058B2B8}"
EndProject
Project("{FAE04EC0-301F-11D3-BF4B-00C04F79EFBC}") = "ExtendedLinguisticServices", "WACP\ExtendedLinguisticServices\ExtendedLinguisticServices.csproj", "{B2CE24B7-FC5D-49AC-806F-1D88F78A31E9}"
EndProject
Project("{FAE04EC0-301F-11D3-BF4B-00C04F79EFBC}") = "Sensors", "WACP\Sensors\Sensors.csproj", "{31421787-1A3C-427C-A8AD-C7E2561B2956}"
EndProject
Global
	GlobalSection(SolutionConfigurationPlatforms) = preSolution
		CodeAnalysisDebug|Any CPU = CodeAnalysisDebug|Any CPU
		CodeAnalysisDebug|x64 = CodeAnalysisDebug|x64
		CodeAnalysisDebug|x86 = CodeAnalysisDebug|x86
		Debug with FxCop|Any CPU = Debug with FxCop|Any CPU
		Debug with FxCop|x64 = Debug with FxCop|x64
		Debug with FxCop|x86 = Debug with FxCop|x86
		Debug|Any CPU = Debug|Any CPU
		Debug|x64 = Debug|x64
		Debug|x86 = Debug|x86
		Release with FxCop|Any CPU = Release with FxCop|Any CPU
		Release with FxCop|x64 = Release with FxCop|x64
		Release with FxCop|x86 = Release with FxCop|x86
		Release|Any CPU = Release|Any CPU
		Release|x64 = Release|x64
		Release|x86 = Release|x86
	EndGlobalSection
	GlobalSection(ProjectConfigurationPlatforms) = postSolution
		{AE0684D6-BBE5-4F24-94CE-9B46813136EB}.CodeAnalysisDebug|Any CPU.ActiveCfg = Debug|Any CPU
		{AE0684D6-BBE5-4F24-94CE-9B46813136EB}.CodeAnalysisDebug|Any CPU.Build.0 = Debug|Any CPU
		{AE0684D6-BBE5-4F24-94CE-9B46813136EB}.CodeAnalysisDebug|x64.ActiveCfg = Debug|Any CPU
		{AE0684D6-BBE5-4F24-94CE-9B46813136EB}.CodeAnalysisDebug|x64.Build.0 = Debug|Any CPU
		{AE0684D6-BBE5-4F24-94CE-9B46813136EB}.CodeAnalysisDebug|x86.ActiveCfg = Debug|Any CPU
		{AE0684D6-BBE5-4F24-94CE-9B46813136EB}.CodeAnalysisDebug|x86.Build.0 = Debug|Any CPU
		{AE0684D6-BBE5-4F24-94CE-9B46813136EB}.Debug with FxCop|Any CPU.ActiveCfg = Debug|Any CPU
		{AE0684D6-BBE5-4F24-94CE-9B46813136EB}.Debug with FxCop|Any CPU.Build.0 = Debug|Any CPU
		{AE0684D6-BBE5-4F24-94CE-9B46813136EB}.Debug with FxCop|x64.ActiveCfg = Debug|Any CPU
		{AE0684D6-BBE5-4F24-94CE-9B46813136EB}.Debug with FxCop|x64.Build.0 = Debug|Any CPU
		{AE0684D6-BBE5-4F24-94CE-9B46813136EB}.Debug with FxCop|x86.ActiveCfg = Debug|Any CPU
		{AE0684D6-BBE5-4F24-94CE-9B46813136EB}.Debug with FxCop|x86.Build.0 = Debug|Any CPU
		{AE0684D6-BBE5-4F24-94CE-9B46813136EB}.Debug|Any CPU.ActiveCfg = Debug|Any CPU
		{AE0684D6-BBE5-4F24-94CE-9B46813136EB}.Debug|Any CPU.Build.0 = Debug|Any CPU
		{AE0684D6-BBE5-4F24-94CE-9B46813136EB}.Debug|x64.ActiveCfg = Debug|Any CPU
		{AE0684D6-BBE5-4F24-94CE-9B46813136EB}.Debug|x64.Build.0 = Debug|Any CPU
		{AE0684D6-BBE5-4F24-94CE-9B46813136EB}.Debug|x86.ActiveCfg = Debug|Any CPU
		{AE0684D6-BBE5-4F24-94CE-9B46813136EB}.Debug|x86.Build.0 = Debug|Any CPU
		{AE0684D6-BBE5-4F24-94CE-9B46813136EB}.Release with FxCop|Any CPU.ActiveCfg = Release|Any CPU
		{AE0684D6-BBE5-4F24-94CE-9B46813136EB}.Release with FxCop|Any CPU.Build.0 = Release|Any CPU
		{AE0684D6-BBE5-4F24-94CE-9B46813136EB}.Release with FxCop|x64.ActiveCfg = Release|Any CPU
		{AE0684D6-BBE5-4F24-94CE-9B46813136EB}.Release with FxCop|x64.Build.0 = Release|Any CPU
		{AE0684D6-BBE5-4F24-94CE-9B46813136EB}.Release with FxCop|x86.ActiveCfg = Release|Any CPU
		{AE0684D6-BBE5-4F24-94CE-9B46813136EB}.Release with FxCop|x86.Build.0 = Release|Any CPU
		{AE0684D6-BBE5-4F24-94CE-9B46813136EB}.Release|Any CPU.ActiveCfg = Release|Any CPU
		{AE0684D6-BBE5-4F24-94CE-9B46813136EB}.Release|Any CPU.Build.0 = Release|Any CPU
		{AE0684D6-BBE5-4F24-94CE-9B46813136EB}.Release|x64.ActiveCfg = Release|Any CPU
		{AE0684D6-BBE5-4F24-94CE-9B46813136EB}.Release|x64.Build.0 = Release|Any CPU
		{AE0684D6-BBE5-4F24-94CE-9B46813136EB}.Release|x86.ActiveCfg = Release|Any CPU
		{AE0684D6-BBE5-4F24-94CE-9B46813136EB}.Release|x86.Build.0 = Release|Any CPU
		{A977BA8B-1C7A-43DC-BA66-DA261A83C9F0}.CodeAnalysisDebug|Any CPU.ActiveCfg = Debug|Any CPU
		{A977BA8B-1C7A-43DC-BA66-DA261A83C9F0}.CodeAnalysisDebug|Any CPU.Build.0 = Debug|Any CPU
		{A977BA8B-1C7A-43DC-BA66-DA261A83C9F0}.CodeAnalysisDebug|x64.ActiveCfg = Debug|Any CPU
		{A977BA8B-1C7A-43DC-BA66-DA261A83C9F0}.CodeAnalysisDebug|x64.Build.0 = Debug|Any CPU
		{A977BA8B-1C7A-43DC-BA66-DA261A83C9F0}.CodeAnalysisDebug|x86.ActiveCfg = Debug|Any CPU
		{A977BA8B-1C7A-43DC-BA66-DA261A83C9F0}.CodeAnalysisDebug|x86.Build.0 = Debug|Any CPU
		{A977BA8B-1C7A-43DC-BA66-DA261A83C9F0}.Debug with FxCop|Any CPU.ActiveCfg = Debug|Any CPU
		{A977BA8B-1C7A-43DC-BA66-DA261A83C9F0}.Debug with FxCop|Any CPU.Build.0 = Debug|Any CPU
		{A977BA8B-1C7A-43DC-BA66-DA261A83C9F0}.Debug with FxCop|x64.ActiveCfg = Debug|Any CPU
		{A977BA8B-1C7A-43DC-BA66-DA261A83C9F0}.Debug with FxCop|x64.Build.0 = Debug|Any CPU
		{A977BA8B-1C7A-43DC-BA66-DA261A83C9F0}.Debug with FxCop|x86.ActiveCfg = Debug|Any CPU
		{A977BA8B-1C7A-43DC-BA66-DA261A83C9F0}.Debug with FxCop|x86.Build.0 = Debug|Any CPU
		{A977BA8B-1C7A-43DC-BA66-DA261A83C9F0}.Debug|Any CPU.ActiveCfg = Debug|Any CPU
		{A977BA8B-1C7A-43DC-BA66-DA261A83C9F0}.Debug|Any CPU.Build.0 = Debug|Any CPU
		{A977BA8B-1C7A-43DC-BA66-DA261A83C9F0}.Debug|x64.ActiveCfg = Debug|Any CPU
		{A977BA8B-1C7A-43DC-BA66-DA261A83C9F0}.Debug|x64.Build.0 = Debug|Any CPU
		{A977BA8B-1C7A-43DC-BA66-DA261A83C9F0}.Debug|x86.ActiveCfg = Debug|Any CPU
		{A977BA8B-1C7A-43DC-BA66-DA261A83C9F0}.Debug|x86.Build.0 = Debug|Any CPU
		{A977BA8B-1C7A-43DC-BA66-DA261A83C9F0}.Release with FxCop|Any CPU.ActiveCfg = Release|Any CPU
		{A977BA8B-1C7A-43DC-BA66-DA261A83C9F0}.Release with FxCop|Any CPU.Build.0 = Release|Any CPU
		{A977BA8B-1C7A-43DC-BA66-DA261A83C9F0}.Release with FxCop|x64.ActiveCfg = Release|Any CPU
		{A977BA8B-1C7A-43DC-BA66-DA261A83C9F0}.Release with FxCop|x64.Build.0 = Release|Any CPU
		{A977BA8B-1C7A-43DC-BA66-DA261A83C9F0}.Release with FxCop|x86.ActiveCfg = Release|Any CPU
		{A977BA8B-1C7A-43DC-BA66-DA261A83C9F0}.Release with FxCop|x86.Build.0 = Release|Any CPU
		{A977BA8B-1C7A-43DC-BA66-DA261A83C9F0}.Release|Any CPU.ActiveCfg = Release|Any CPU
		{A977BA8B-1C7A-43DC-BA66-DA261A83C9F0}.Release|Any CPU.Build.0 = Release|Any CPU
		{A977BA8B-1C7A-43DC-BA66-DA261A83C9F0}.Release|x64.ActiveCfg = Release|Any CPU
		{A977BA8B-1C7A-43DC-BA66-DA261A83C9F0}.Release|x64.Build.0 = Release|Any CPU
		{A977BA8B-1C7A-43DC-BA66-DA261A83C9F0}.Release|x86.ActiveCfg = Release|Any CPU
		{A977BA8B-1C7A-43DC-BA66-DA261A83C9F0}.Release|x86.Build.0 = Release|Any CPU
		{631828EB-4E91-455F-8247-64AA23D7308F}.CodeAnalysisDebug|Any CPU.ActiveCfg = Debug|Any CPU
		{631828EB-4E91-455F-8247-64AA23D7308F}.CodeAnalysisDebug|Any CPU.Build.0 = Debug|Any CPU
		{631828EB-4E91-455F-8247-64AA23D7308F}.CodeAnalysisDebug|x64.ActiveCfg = Debug|x64
		{631828EB-4E91-455F-8247-64AA23D7308F}.CodeAnalysisDebug|x64.Build.0 = Debug|x64
		{631828EB-4E91-455F-8247-64AA23D7308F}.CodeAnalysisDebug|x86.ActiveCfg = Debug|x86
		{631828EB-4E91-455F-8247-64AA23D7308F}.CodeAnalysisDebug|x86.Build.0 = Debug|x86
		{631828EB-4E91-455F-8247-64AA23D7308F}.Debug with FxCop|Any CPU.ActiveCfg = Debug|Any CPU
		{631828EB-4E91-455F-8247-64AA23D7308F}.Debug with FxCop|Any CPU.Build.0 = Debug|Any CPU
		{631828EB-4E91-455F-8247-64AA23D7308F}.Debug with FxCop|x64.ActiveCfg = Debug|x64
		{631828EB-4E91-455F-8247-64AA23D7308F}.Debug with FxCop|x64.Build.0 = Debug|x64
		{631828EB-4E91-455F-8247-64AA23D7308F}.Debug with FxCop|x86.ActiveCfg = Debug|x86
		{631828EB-4E91-455F-8247-64AA23D7308F}.Debug with FxCop|x86.Build.0 = Debug|x86
		{631828EB-4E91-455F-8247-64AA23D7308F}.Debug|Any CPU.ActiveCfg = Debug|Any CPU
		{631828EB-4E91-455F-8247-64AA23D7308F}.Debug|Any CPU.Build.0 = Debug|Any CPU
		{631828EB-4E91-455F-8247-64AA23D7308F}.Debug|x64.ActiveCfg = Debug|x64
		{631828EB-4E91-455F-8247-64AA23D7308F}.Debug|x64.Build.0 = Debug|x64
		{631828EB-4E91-455F-8247-64AA23D7308F}.Debug|x86.ActiveCfg = Debug|x86
		{631828EB-4E91-455F-8247-64AA23D7308F}.Debug|x86.Build.0 = Debug|x86
		{631828EB-4E91-455F-8247-64AA23D7308F}.Release with FxCop|Any CPU.ActiveCfg = Release|Any CPU
		{631828EB-4E91-455F-8247-64AA23D7308F}.Release with FxCop|Any CPU.Build.0 = Release|Any CPU
		{631828EB-4E91-455F-8247-64AA23D7308F}.Release with FxCop|x64.ActiveCfg = Release|x64
		{631828EB-4E91-455F-8247-64AA23D7308F}.Release with FxCop|x64.Build.0 = Release|x64
		{631828EB-4E91-455F-8247-64AA23D7308F}.Release with FxCop|x86.ActiveCfg = Release|x86
		{631828EB-4E91-455F-8247-64AA23D7308F}.Release with FxCop|x86.Build.0 = Release|x86
		{631828EB-4E91-455F-8247-64AA23D7308F}.Release|Any CPU.ActiveCfg = Release|Any CPU
		{631828EB-4E91-455F-8247-64AA23D7308F}.Release|Any CPU.Build.0 = Release|Any CPU
		{631828EB-4E91-455F-8247-64AA23D7308F}.Release|x64.ActiveCfg = Release|x64
		{631828EB-4E91-455F-8247-64AA23D7308F}.Release|x64.Build.0 = Release|x64
		{631828EB-4E91-455F-8247-64AA23D7308F}.Release|x86.ActiveCfg = Release|x86
		{631828EB-4E91-455F-8247-64AA23D7308F}.Release|x86.Build.0 = Release|x86
		{F7C690C1-0543-41C2-8968-DFFD94F242B1}.CodeAnalysisDebug|Any CPU.ActiveCfg = Debug|Any CPU
		{F7C690C1-0543-41C2-8968-DFFD94F242B1}.CodeAnalysisDebug|Any CPU.Build.0 = Debug|Any CPU
		{F7C690C1-0543-41C2-8968-DFFD94F242B1}.CodeAnalysisDebug|x64.ActiveCfg = Debug|x64
		{F7C690C1-0543-41C2-8968-DFFD94F242B1}.CodeAnalysisDebug|x64.Build.0 = Debug|x64
		{F7C690C1-0543-41C2-8968-DFFD94F242B1}.CodeAnalysisDebug|x86.ActiveCfg = Debug|x86
		{F7C690C1-0543-41C2-8968-DFFD94F242B1}.CodeAnalysisDebug|x86.Build.0 = Debug|x86
		{F7C690C1-0543-41C2-8968-DFFD94F242B1}.Debug with FxCop|Any CPU.ActiveCfg = Debug|Any CPU
		{F7C690C1-0543-41C2-8968-DFFD94F242B1}.Debug with FxCop|Any CPU.Build.0 = Debug|Any CPU
		{F7C690C1-0543-41C2-8968-DFFD94F242B1}.Debug with FxCop|x64.ActiveCfg = Debug|x64
		{F7C690C1-0543-41C2-8968-DFFD94F242B1}.Debug with FxCop|x64.Build.0 = Debug|x64
		{F7C690C1-0543-41C2-8968-DFFD94F242B1}.Debug with FxCop|x86.ActiveCfg = Debug|x86
		{F7C690C1-0543-41C2-8968-DFFD94F242B1}.Debug with FxCop|x86.Build.0 = Debug|x86
		{F7C690C1-0543-41C2-8968-DFFD94F242B1}.Debug|Any CPU.ActiveCfg = Debug|Any CPU
		{F7C690C1-0543-41C2-8968-DFFD94F242B1}.Debug|Any CPU.Build.0 = Debug|Any CPU
		{F7C690C1-0543-41C2-8968-DFFD94F242B1}.Debug|x64.ActiveCfg = Debug|x64
		{F7C690C1-0543-41C2-8968-DFFD94F242B1}.Debug|x64.Build.0 = Debug|x64
		{F7C690C1-0543-41C2-8968-DFFD94F242B1}.Debug|x86.ActiveCfg = Debug|x86
		{F7C690C1-0543-41C2-8968-DFFD94F242B1}.Debug|x86.Build.0 = Debug|x86
		{F7C690C1-0543-41C2-8968-DFFD94F242B1}.Release with FxCop|Any CPU.ActiveCfg = Release|Any CPU
		{F7C690C1-0543-41C2-8968-DFFD94F242B1}.Release with FxCop|Any CPU.Build.0 = Release|Any CPU
		{F7C690C1-0543-41C2-8968-DFFD94F242B1}.Release with FxCop|x64.ActiveCfg = Release|x64
		{F7C690C1-0543-41C2-8968-DFFD94F242B1}.Release with FxCop|x64.Build.0 = Release|x64
		{F7C690C1-0543-41C2-8968-DFFD94F242B1}.Release with FxCop|x86.ActiveCfg = Release|x86
		{F7C690C1-0543-41C2-8968-DFFD94F242B1}.Release with FxCop|x86.Build.0 = Release|x86
		{F7C690C1-0543-41C2-8968-DFFD94F242B1}.Release|Any CPU.ActiveCfg = Release|Any CPU
		{F7C690C1-0543-41C2-8968-DFFD94F242B1}.Release|Any CPU.Build.0 = Release|Any CPU
		{F7C690C1-0543-41C2-8968-DFFD94F242B1}.Release|x64.ActiveCfg = Release|x64
		{F7C690C1-0543-41C2-8968-DFFD94F242B1}.Release|x64.Build.0 = Release|x64
		{F7C690C1-0543-41C2-8968-DFFD94F242B1}.Release|x86.ActiveCfg = Release|x86
		{F7C690C1-0543-41C2-8968-DFFD94F242B1}.Release|x86.Build.0 = Release|x86
		{2E1FB0DF-F9BB-4909-9F32-2D9D022A8E57}.CodeAnalysisDebug|Any CPU.ActiveCfg = Debug|Any CPU
		{2E1FB0DF-F9BB-4909-9F32-2D9D022A8E57}.CodeAnalysisDebug|Any CPU.Build.0 = Debug|Any CPU
		{2E1FB0DF-F9BB-4909-9F32-2D9D022A8E57}.CodeAnalysisDebug|x64.ActiveCfg = Debug|x64
		{2E1FB0DF-F9BB-4909-9F32-2D9D022A8E57}.CodeAnalysisDebug|x64.Build.0 = Debug|x64
		{2E1FB0DF-F9BB-4909-9F32-2D9D022A8E57}.CodeAnalysisDebug|x86.ActiveCfg = Debug|Any CPU
		{2E1FB0DF-F9BB-4909-9F32-2D9D022A8E57}.CodeAnalysisDebug|x86.Build.0 = Debug|Any CPU
		{2E1FB0DF-F9BB-4909-9F32-2D9D022A8E57}.Debug with FxCop|Any CPU.ActiveCfg = Debug|Any CPU
		{2E1FB0DF-F9BB-4909-9F32-2D9D022A8E57}.Debug with FxCop|Any CPU.Build.0 = Debug|Any CPU
		{2E1FB0DF-F9BB-4909-9F32-2D9D022A8E57}.Debug with FxCop|x64.ActiveCfg = Debug|x64
		{2E1FB0DF-F9BB-4909-9F32-2D9D022A8E57}.Debug with FxCop|x64.Build.0 = Debug|x64
		{2E1FB0DF-F9BB-4909-9F32-2D9D022A8E57}.Debug with FxCop|x86.ActiveCfg = Debug|Any CPU
		{2E1FB0DF-F9BB-4909-9F32-2D9D022A8E57}.Debug with FxCop|x86.Build.0 = Debug|Any CPU
		{2E1FB0DF-F9BB-4909-9F32-2D9D022A8E57}.Debug|Any CPU.ActiveCfg = Debug|Any CPU
		{2E1FB0DF-F9BB-4909-9F32-2D9D022A8E57}.Debug|Any CPU.Build.0 = Debug|Any CPU
		{2E1FB0DF-F9BB-4909-9F32-2D9D022A8E57}.Debug|x64.ActiveCfg = Debug|x64
		{2E1FB0DF-F9BB-4909-9F32-2D9D022A8E57}.Debug|x64.Build.0 = Debug|x64
		{2E1FB0DF-F9BB-4909-9F32-2D9D022A8E57}.Debug|x86.ActiveCfg = Debug|Any CPU
		{2E1FB0DF-F9BB-4909-9F32-2D9D022A8E57}.Debug|x86.Build.0 = Debug|Any CPU
		{2E1FB0DF-F9BB-4909-9F32-2D9D022A8E57}.Release with FxCop|Any CPU.ActiveCfg = Release|Any CPU
		{2E1FB0DF-F9BB-4909-9F32-2D9D022A8E57}.Release with FxCop|Any CPU.Build.0 = Release|Any CPU
		{2E1FB0DF-F9BB-4909-9F32-2D9D022A8E57}.Release with FxCop|x64.ActiveCfg = Release|x64
		{2E1FB0DF-F9BB-4909-9F32-2D9D022A8E57}.Release with FxCop|x64.Build.0 = Release|x64
		{2E1FB0DF-F9BB-4909-9F32-2D9D022A8E57}.Release with FxCop|x86.ActiveCfg = Release|Any CPU
		{2E1FB0DF-F9BB-4909-9F32-2D9D022A8E57}.Release with FxCop|x86.Build.0 = Release|Any CPU
		{2E1FB0DF-F9BB-4909-9F32-2D9D022A8E57}.Release|Any CPU.ActiveCfg = Release|Any CPU
		{2E1FB0DF-F9BB-4909-9F32-2D9D022A8E57}.Release|Any CPU.Build.0 = Release|Any CPU
		{2E1FB0DF-F9BB-4909-9F32-2D9D022A8E57}.Release|x64.ActiveCfg = Release|x64
		{2E1FB0DF-F9BB-4909-9F32-2D9D022A8E57}.Release|x64.Build.0 = Release|x64
		{2E1FB0DF-F9BB-4909-9F32-2D9D022A8E57}.Release|x86.ActiveCfg = Release|Any CPU
		{2E1FB0DF-F9BB-4909-9F32-2D9D022A8E57}.Release|x86.Build.0 = Release|Any CPU
		{AA0C00CB-8699-4F37-BFAE-40CA87ACC06D}.CodeAnalysisDebug|Any CPU.ActiveCfg = CodeAnalysisDebug|Any CPU
		{AA0C00CB-8699-4F37-BFAE-40CA87ACC06D}.CodeAnalysisDebug|Any CPU.Build.0 = CodeAnalysisDebug|Any CPU
		{AA0C00CB-8699-4F37-BFAE-40CA87ACC06D}.CodeAnalysisDebug|x64.ActiveCfg = CodeAnalysisDebug|x64
		{AA0C00CB-8699-4F37-BFAE-40CA87ACC06D}.CodeAnalysisDebug|x64.Build.0 = CodeAnalysisDebug|x64
		{AA0C00CB-8699-4F37-BFAE-40CA87ACC06D}.CodeAnalysisDebug|x86.ActiveCfg = CodeAnalysisDebug|Any CPU
		{AA0C00CB-8699-4F37-BFAE-40CA87ACC06D}.CodeAnalysisDebug|x86.Build.0 = CodeAnalysisDebug|Any CPU
		{AA0C00CB-8699-4F37-BFAE-40CA87ACC06D}.Debug with FxCop|Any CPU.ActiveCfg = Debug|Any CPU
		{AA0C00CB-8699-4F37-BFAE-40CA87ACC06D}.Debug with FxCop|Any CPU.Build.0 = Debug|Any CPU
		{AA0C00CB-8699-4F37-BFAE-40CA87ACC06D}.Debug with FxCop|x64.ActiveCfg = Debug|x64
		{AA0C00CB-8699-4F37-BFAE-40CA87ACC06D}.Debug with FxCop|x64.Build.0 = Debug|x64
		{AA0C00CB-8699-4F37-BFAE-40CA87ACC06D}.Debug with FxCop|x86.ActiveCfg = Debug|Any CPU
		{AA0C00CB-8699-4F37-BFAE-40CA87ACC06D}.Debug with FxCop|x86.Build.0 = Debug|Any CPU
		{AA0C00CB-8699-4F37-BFAE-40CA87ACC06D}.Debug|Any CPU.ActiveCfg = Debug|Any CPU
		{AA0C00CB-8699-4F37-BFAE-40CA87ACC06D}.Debug|Any CPU.Build.0 = Debug|Any CPU
		{AA0C00CB-8699-4F37-BFAE-40CA87ACC06D}.Debug|x64.ActiveCfg = Debug|x64
		{AA0C00CB-8699-4F37-BFAE-40CA87ACC06D}.Debug|x64.Build.0 = Debug|x64
		{AA0C00CB-8699-4F37-BFAE-40CA87ACC06D}.Debug|x86.ActiveCfg = Debug|Any CPU
		{AA0C00CB-8699-4F37-BFAE-40CA87ACC06D}.Debug|x86.Build.0 = Debug|Any CPU
		{AA0C00CB-8699-4F37-BFAE-40CA87ACC06D}.Release with FxCop|Any CPU.ActiveCfg = Release|Any CPU
		{AA0C00CB-8699-4F37-BFAE-40CA87ACC06D}.Release with FxCop|Any CPU.Build.0 = Release|Any CPU
		{AA0C00CB-8699-4F37-BFAE-40CA87ACC06D}.Release with FxCop|x64.ActiveCfg = Release|x64
		{AA0C00CB-8699-4F37-BFAE-40CA87ACC06D}.Release with FxCop|x64.Build.0 = Release|x64
		{AA0C00CB-8699-4F37-BFAE-40CA87ACC06D}.Release with FxCop|x86.ActiveCfg = Release|Any CPU
		{AA0C00CB-8699-4F37-BFAE-40CA87ACC06D}.Release with FxCop|x86.Build.0 = Release|Any CPU
		{AA0C00CB-8699-4F37-BFAE-40CA87ACC06D}.Release|Any CPU.ActiveCfg = Release|Any CPU
		{AA0C00CB-8699-4F37-BFAE-40CA87ACC06D}.Release|Any CPU.Build.0 = Release|Any CPU
		{AA0C00CB-8699-4F37-BFAE-40CA87ACC06D}.Release|x64.ActiveCfg = Release|x64
		{AA0C00CB-8699-4F37-BFAE-40CA87ACC06D}.Release|x64.Build.0 = Release|x64
		{AA0C00CB-8699-4F37-BFAE-40CA87ACC06D}.Release|x86.ActiveCfg = Release|Any CPU
		{AA0C00CB-8699-4F37-BFAE-40CA87ACC06D}.Release|x86.Build.0 = Release|Any CPU
		{F3C863EC-33F4-4ED2-9D67-00BF3EEEAB64}.CodeAnalysisDebug|Any CPU.ActiveCfg = Debug|Any CPU
		{F3C863EC-33F4-4ED2-9D67-00BF3EEEAB64}.CodeAnalysisDebug|Any CPU.Build.0 = Debug|Any CPU
		{F3C863EC-33F4-4ED2-9D67-00BF3EEEAB64}.CodeAnalysisDebug|x64.ActiveCfg = Debug|x64
		{F3C863EC-33F4-4ED2-9D67-00BF3EEEAB64}.CodeAnalysisDebug|x64.Build.0 = Debug|x64
		{F3C863EC-33F4-4ED2-9D67-00BF3EEEAB64}.CodeAnalysisDebug|x86.ActiveCfg = Debug|Any CPU
		{F3C863EC-33F4-4ED2-9D67-00BF3EEEAB64}.CodeAnalysisDebug|x86.Build.0 = Debug|Any CPU
		{F3C863EC-33F4-4ED2-9D67-00BF3EEEAB64}.Debug with FxCop|Any CPU.ActiveCfg = Debug|Any CPU
		{F3C863EC-33F4-4ED2-9D67-00BF3EEEAB64}.Debug with FxCop|Any CPU.Build.0 = Debug|Any CPU
		{F3C863EC-33F4-4ED2-9D67-00BF3EEEAB64}.Debug with FxCop|x64.ActiveCfg = Debug|x64
		{F3C863EC-33F4-4ED2-9D67-00BF3EEEAB64}.Debug with FxCop|x64.Build.0 = Debug|x64
		{F3C863EC-33F4-4ED2-9D67-00BF3EEEAB64}.Debug with FxCop|x86.ActiveCfg = Debug|Any CPU
		{F3C863EC-33F4-4ED2-9D67-00BF3EEEAB64}.Debug with FxCop|x86.Build.0 = Debug|Any CPU
		{F3C863EC-33F4-4ED2-9D67-00BF3EEEAB64}.Debug|Any CPU.ActiveCfg = Debug|Any CPU
		{F3C863EC-33F4-4ED2-9D67-00BF3EEEAB64}.Debug|Any CPU.Build.0 = Debug|Any CPU
		{F3C863EC-33F4-4ED2-9D67-00BF3EEEAB64}.Debug|x64.ActiveCfg = Debug|x64
		{F3C863EC-33F4-4ED2-9D67-00BF3EEEAB64}.Debug|x64.Build.0 = Debug|x64
		{F3C863EC-33F4-4ED2-9D67-00BF3EEEAB64}.Debug|x86.ActiveCfg = Debug|Any CPU
		{F3C863EC-33F4-4ED2-9D67-00BF3EEEAB64}.Debug|x86.Build.0 = Debug|Any CPU
		{F3C863EC-33F4-4ED2-9D67-00BF3EEEAB64}.Release with FxCop|Any CPU.ActiveCfg = Release|Any CPU
		{F3C863EC-33F4-4ED2-9D67-00BF3EEEAB64}.Release with FxCop|Any CPU.Build.0 = Release|Any CPU
		{F3C863EC-33F4-4ED2-9D67-00BF3EEEAB64}.Release with FxCop|x64.ActiveCfg = Release|x64
		{F3C863EC-33F4-4ED2-9D67-00BF3EEEAB64}.Release with FxCop|x64.Build.0 = Release|x64
		{F3C863EC-33F4-4ED2-9D67-00BF3EEEAB64}.Release with FxCop|x86.ActiveCfg = Release|Any CPU
		{F3C863EC-33F4-4ED2-9D67-00BF3EEEAB64}.Release with FxCop|x86.Build.0 = Release|Any CPU
		{F3C863EC-33F4-4ED2-9D67-00BF3EEEAB64}.Release|Any CPU.ActiveCfg = Release|Any CPU
		{F3C863EC-33F4-4ED2-9D67-00BF3EEEAB64}.Release|Any CPU.Build.0 = Release|Any CPU
		{F3C863EC-33F4-4ED2-9D67-00BF3EEEAB64}.Release|x64.ActiveCfg = Release|x64
		{F3C863EC-33F4-4ED2-9D67-00BF3EEEAB64}.Release|x64.Build.0 = Release|x64
		{F3C863EC-33F4-4ED2-9D67-00BF3EEEAB64}.Release|x86.ActiveCfg = Release|Any CPU
		{F3C863EC-33F4-4ED2-9D67-00BF3EEEAB64}.Release|x86.Build.0 = Release|Any CPU
		{446B1E21-65A1-4F56-AA2C-D2E24058B2B8}.CodeAnalysisDebug|Any CPU.ActiveCfg = Release|x64
		{446B1E21-65A1-4F56-AA2C-D2E24058B2B8}.CodeAnalysisDebug|Any CPU.Build.0 = Release|x64
		{446B1E21-65A1-4F56-AA2C-D2E24058B2B8}.CodeAnalysisDebug|x64.ActiveCfg = Debug|x64
		{446B1E21-65A1-4F56-AA2C-D2E24058B2B8}.CodeAnalysisDebug|x64.Build.0 = Debug|x64
		{446B1E21-65A1-4F56-AA2C-D2E24058B2B8}.CodeAnalysisDebug|x86.ActiveCfg = Debug|Win32
		{446B1E21-65A1-4F56-AA2C-D2E24058B2B8}.CodeAnalysisDebug|x86.Build.0 = Debug|Win32
		{446B1E21-65A1-4F56-AA2C-D2E24058B2B8}.Debug with FxCop|Any CPU.ActiveCfg = Debug with FxCop|Win32
		{446B1E21-65A1-4F56-AA2C-D2E24058B2B8}.Debug with FxCop|x64.ActiveCfg = Debug with FxCop|x64
		{446B1E21-65A1-4F56-AA2C-D2E24058B2B8}.Debug with FxCop|x64.Build.0 = Debug with FxCop|x64
		{446B1E21-65A1-4F56-AA2C-D2E24058B2B8}.Debug with FxCop|x86.ActiveCfg = Debug with FxCop|Win32
		{446B1E21-65A1-4F56-AA2C-D2E24058B2B8}.Debug with FxCop|x86.Build.0 = Debug with FxCop|Win32
		{446B1E21-65A1-4F56-AA2C-D2E24058B2B8}.Debug|Any CPU.ActiveCfg = Debug|Win32
		{446B1E21-65A1-4F56-AA2C-D2E24058B2B8}.Debug|x64.ActiveCfg = Debug|x64
		{446B1E21-65A1-4F56-AA2C-D2E24058B2B8}.Debug|x64.Build.0 = Debug|x64
		{446B1E21-65A1-4F56-AA2C-D2E24058B2B8}.Debug|x86.ActiveCfg = Debug|Win32
		{446B1E21-65A1-4F56-AA2C-D2E24058B2B8}.Debug|x86.Build.0 = Debug|Win32
		{446B1E21-65A1-4F56-AA2C-D2E24058B2B8}.Release with FxCop|Any CPU.ActiveCfg = Release with FxCop|Win32
		{446B1E21-65A1-4F56-AA2C-D2E24058B2B8}.Release with FxCop|x64.ActiveCfg = Release with FxCop|x64
		{446B1E21-65A1-4F56-AA2C-D2E24058B2B8}.Release with FxCop|x64.Build.0 = Release with FxCop|x64
		{446B1E21-65A1-4F56-AA2C-D2E24058B2B8}.Release with FxCop|x86.ActiveCfg = Release with FxCop|Win32
		{446B1E21-65A1-4F56-AA2C-D2E24058B2B8}.Release with FxCop|x86.Build.0 = Release with FxCop|Win32
		{446B1E21-65A1-4F56-AA2C-D2E24058B2B8}.Release|Any CPU.ActiveCfg = Release|Win32
		{446B1E21-65A1-4F56-AA2C-D2E24058B2B8}.Release|x64.ActiveCfg = Release|x64
		{446B1E21-65A1-4F56-AA2C-D2E24058B2B8}.Release|x64.Build.0 = Release|x64
		{446B1E21-65A1-4F56-AA2C-D2E24058B2B8}.Release|x86.ActiveCfg = Release|Win32
		{446B1E21-65A1-4F56-AA2C-D2E24058B2B8}.Release|x86.Build.0 = Release|Win32
		{B2CE24B7-FC5D-49AC-806F-1D88F78A31E9}.CodeAnalysisDebug|Any CPU.ActiveCfg = Debug|Any CPU
		{B2CE24B7-FC5D-49AC-806F-1D88F78A31E9}.CodeAnalysisDebug|Any CPU.Build.0 = Debug|Any CPU
		{B2CE24B7-FC5D-49AC-806F-1D88F78A31E9}.CodeAnalysisDebug|x64.ActiveCfg = Debug|Any CPU
		{B2CE24B7-FC5D-49AC-806F-1D88F78A31E9}.CodeAnalysisDebug|x64.Build.0 = Debug|Any CPU
		{B2CE24B7-FC5D-49AC-806F-1D88F78A31E9}.CodeAnalysisDebug|x86.ActiveCfg = Debug|Any CPU
		{B2CE24B7-FC5D-49AC-806F-1D88F78A31E9}.CodeAnalysisDebug|x86.Build.0 = Debug|Any CPU
		{B2CE24B7-FC5D-49AC-806F-1D88F78A31E9}.Debug with FxCop|Any CPU.ActiveCfg = Debug|Any CPU
		{B2CE24B7-FC5D-49AC-806F-1D88F78A31E9}.Debug with FxCop|Any CPU.Build.0 = Debug|Any CPU
		{B2CE24B7-FC5D-49AC-806F-1D88F78A31E9}.Debug with FxCop|x64.ActiveCfg = Debug|Any CPU
		{B2CE24B7-FC5D-49AC-806F-1D88F78A31E9}.Debug with FxCop|x64.Build.0 = Debug|Any CPU
		{B2CE24B7-FC5D-49AC-806F-1D88F78A31E9}.Debug with FxCop|x86.ActiveCfg = Debug|Any CPU
		{B2CE24B7-FC5D-49AC-806F-1D88F78A31E9}.Debug with FxCop|x86.Build.0 = Debug|Any CPU
		{B2CE24B7-FC5D-49AC-806F-1D88F78A31E9}.Debug|Any CPU.ActiveCfg = Debug|Any CPU
		{B2CE24B7-FC5D-49AC-806F-1D88F78A31E9}.Debug|Any CPU.Build.0 = Debug|Any CPU
		{B2CE24B7-FC5D-49AC-806F-1D88F78A31E9}.Debug|x64.ActiveCfg = Debug|Any CPU
		{B2CE24B7-FC5D-49AC-806F-1D88F78A31E9}.Debug|x64.Build.0 = Debug|Any CPU
		{B2CE24B7-FC5D-49AC-806F-1D88F78A31E9}.Debug|x86.ActiveCfg = Debug|Any CPU
		{B2CE24B7-FC5D-49AC-806F-1D88F78A31E9}.Debug|x86.Build.0 = Debug|Any CPU
		{B2CE24B7-FC5D-49AC-806F-1D88F78A31E9}.Release with FxCop|Any CPU.ActiveCfg = Release|Any CPU
		{B2CE24B7-FC5D-49AC-806F-1D88F78A31E9}.Release with FxCop|Any CPU.Build.0 = Release|Any CPU
		{B2CE24B7-FC5D-49AC-806F-1D88F78A31E9}.Release with FxCop|x64.ActiveCfg = Release|Any CPU
		{B2CE24B7-FC5D-49AC-806F-1D88F78A31E9}.Release with FxCop|x64.Build.0 = Release|Any CPU
		{B2CE24B7-FC5D-49AC-806F-1D88F78A31E9}.Release with FxCop|x86.ActiveCfg = Release|Any CPU
		{B2CE24B7-FC5D-49AC-806F-1D88F78A31E9}.Release with FxCop|x86.Build.0 = Release|Any CPU
		{B2CE24B7-FC5D-49AC-806F-1D88F78A31E9}.Release|Any CPU.ActiveCfg = Release|Any CPU
		{B2CE24B7-FC5D-49AC-806F-1D88F78A31E9}.Release|Any CPU.Build.0 = Release|Any CPU
		{B2CE24B7-FC5D-49AC-806F-1D88F78A31E9}.Release|x64.ActiveCfg = Release|Any CPU
		{B2CE24B7-FC5D-49AC-806F-1D88F78A31E9}.Release|x64.Build.0 = Release|Any CPU
		{B2CE24B7-FC5D-49AC-806F-1D88F78A31E9}.Release|x86.ActiveCfg = Release|Any CPU
		{B2CE24B7-FC5D-49AC-806F-1D88F78A31E9}.Release|x86.Build.0 = Release|Any CPU
		{31421787-1A3C-427C-A8AD-C7E2561B2956}.CodeAnalysisDebug|Any CPU.ActiveCfg = Debug|Any CPU
		{31421787-1A3C-427C-A8AD-C7E2561B2956}.CodeAnalysisDebug|Any CPU.Build.0 = Debug|Any CPU
		{31421787-1A3C-427C-A8AD-C7E2561B2956}.CodeAnalysisDebug|x64.ActiveCfg = Debug|Any CPU
		{31421787-1A3C-427C-A8AD-C7E2561B2956}.CodeAnalysisDebug|x64.Build.0 = Debug|Any CPU
		{31421787-1A3C-427C-A8AD-C7E2561B2956}.CodeAnalysisDebug|x86.ActiveCfg = Debug|Any CPU
		{31421787-1A3C-427C-A8AD-C7E2561B2956}.CodeAnalysisDebug|x86.Build.0 = Debug|Any CPU
		{31421787-1A3C-427C-A8AD-C7E2561B2956}.Debug with FxCop|Any CPU.ActiveCfg = Debug|Any CPU
		{31421787-1A3C-427C-A8AD-C7E2561B2956}.Debug with FxCop|Any CPU.Build.0 = Debug|Any CPU
		{31421787-1A3C-427C-A8AD-C7E2561B2956}.Debug with FxCop|x64.ActiveCfg = Debug|Any CPU
		{31421787-1A3C-427C-A8AD-C7E2561B2956}.Debug with FxCop|x64.Build.0 = Debug|Any CPU
		{31421787-1A3C-427C-A8AD-C7E2561B2956}.Debug with FxCop|x86.ActiveCfg = Debug|Any CPU
		{31421787-1A3C-427C-A8AD-C7E2561B2956}.Debug with FxCop|x86.Build.0 = Debug|Any CPU
		{31421787-1A3C-427C-A8AD-C7E2561B2956}.Debug|Any CPU.ActiveCfg = Debug|Any CPU
		{31421787-1A3C-427C-A8AD-C7E2561B2956}.Debug|Any CPU.Build.0 = Debug|Any CPU
		{31421787-1A3C-427C-A8AD-C7E2561B2956}.Debug|x64.ActiveCfg = Debug|Any CPU
		{31421787-1A3C-427C-A8AD-C7E2561B2956}.Debug|x64.Build.0 = Debug|Any CPU
		{31421787-1A3C-427C-A8AD-C7E2561B2956}.Debug|x86.ActiveCfg = Debug|Any CPU
		{31421787-1A3C-427C-A8AD-C7E2561B2956}.Debug|x86.Build.0 = Debug|Any CPU
		{31421787-1A3C-427C-A8AD-C7E2561B2956}.Release with FxCop|Any CPU.ActiveCfg = Release|Any CPU
		{31421787-1A3C-427C-A8AD-C7E2561B2956}.Release with FxCop|Any CPU.Build.0 = Release|Any CPU
		{31421787-1A3C-427C-A8AD-C7E2561B2956}.Release with FxCop|x64.ActiveCfg = Release|Any CPU
		{31421787-1A3C-427C-A8AD-C7E2561B2956}.Release with FxCop|x64.Build.0 = Release|Any CPU
		{31421787-1A3C-427C-A8AD-C7E2561B2956}.Release with FxCop|x86.ActiveCfg = Release|Any CPU
		{31421787-1A3C-427C-A8AD-C7E2561B2956}.Release with FxCop|x86.Build.0 = Release|Any CPU
		{31421787-1A3C-427C-A8AD-C7E2561B2956}.Release|Any CPU.ActiveCfg = Release|Any CPU
		{31421787-1A3C-427C-A8AD-C7E2561B2956}.Release|Any CPU.Build.0 = Release|Any CPU
		{31421787-1A3C-427C-A8AD-C7E2561B2956}.Release|x64.ActiveCfg = Release|Any CPU
		{31421787-1A3C-427C-A8AD-C7E2561B2956}.Release|x64.Build.0 = Release|Any CPU
		{31421787-1A3C-427C-A8AD-C7E2561B2956}.Release|x86.ActiveCfg = Release|Any CPU
		{31421787-1A3C-427C-A8AD-C7E2561B2956}.Release|x86.Build.0 = Release|Any CPU
	EndGlobalSection
	GlobalSection(SolutionProperties) = preSolution
		HideSolutionNode = FALSE
	EndGlobalSection
	GlobalSection(NestedProjects) = preSolution
		{AE0684D6-BBE5-4F24-94CE-9B46813136EB} = {7BED7342-365E-4233-A2F5-F15B42845B38}
		{A977BA8B-1C7A-43DC-BA66-DA261A83C9F0} = {C59F5D17-2A73-487A-9FB3-840F1C9ABCB1}
		{631828EB-4E91-455F-8247-64AA23D7308F} = {C59F5D17-2A73-487A-9FB3-840F1C9ABCB1}
		{F7C690C1-0543-41C2-8968-DFFD94F242B1} = {AF139932-022A-46B7-9972-86C007E48606}
		{C59F5D17-2A73-487A-9FB3-840F1C9ABCB1} = {A6D0346D-6C28-4D1C-9E19-40D5CBF8B4AC}
		{EF2549E6-1D61-4798-8D37-2D10F40B1447} = {A6D0346D-6C28-4D1C-9E19-40D5CBF8B4AC}
		{BF465B87-F007-48E5-BDDE-90B67F327777} = {EF2549E6-1D61-4798-8D37-2D10F40B1447}
		{2E1FB0DF-F9BB-4909-9F32-2D9D022A8E57} = {BF465B87-F007-48E5-BDDE-90B67F327777}
		{AA0C00CB-8699-4F37-BFAE-40CA87ACC06D} = {BF465B87-F007-48E5-BDDE-90B67F327777}
		{F3C863EC-33F4-4ED2-9D67-00BF3EEEAB64} = {BF465B87-F007-48E5-BDDE-90B67F327777}
		{446B1E21-65A1-4F56-AA2C-D2E24058B2B8} = {BF465B87-F007-48E5-BDDE-90B67F327777}
		{B2CE24B7-FC5D-49AC-806F-1D88F78A31E9} = {BF465B87-F007-48E5-BDDE-90B67F327777}
		{31421787-1A3C-427C-A8AD-C7E2561B2956} = {BF465B87-F007-48E5-BDDE-90B67F327777}
	EndGlobalSection
EndGlobal
