
Microsoft Visual Studio Solution File, Format Version 12.00
# Visual Studio 14
VisualStudioVersion = 14.0.25123.0
MinimumVisualStudioVersion = 10.0.40219.1
Project("{2150E333-8FDC-42A3-9474-1A3956D46DE8}") = "SDK", "SDK", "{AF139932-022A-46B7-9972-86C007E48606}"
EndProject
Project("{FAE04EC0-301F-11D3-BF4B-00C04F79EFBC}") = "ZU.Core.Developer", "ZU.Core.Developer\ZU.Core.Developer.csproj", "{F7C690C1-0543-41C2-8968-DFFD94F242B1}"
EndProject
Project("{FAE04EC0-301F-11D3-BF4B-00C04F79EFBC}") = "ConsoleTest1", "ConsoleTest1\ConsoleTest1.csproj", "{2FF9956D-2B15-47B4-829E-C7BBBD44BE9F}"
EndProject
Project("{7CF6DF6D-3B04-46F8-A40B-537D21BCA0B4}") = "ZUSDK_docs", "ZUSDK_docs\ZUSDK_docs.shfbproj", "{44968A63-94C3-47B1-9E48-C54C9403DA50}"
EndProject
Project("{2150E333-8FDC-42A3-9474-1A3956D46DE8}") = "Templates", "Templates", "{1A27A9E0-9318-42F5-8D05-32DFCE36F0A4}"
EndProject
Project("{2150E333-8FDC-42A3-9474-1A3956D46DE8}") = "Processors", "Processors", "{29AB788B-1429-41BC-85F5-010D86E6630A}"
EndProject
Project("{FAE04EC0-301F-11D3-BF4B-00C04F79EFBC}") = "BasicProcessorSample.ZProcessor", "Templates\ZProcessors\BasicProcessorSample.ZProcessor\BasicProcessorSample.ZProcessor.csproj", "{06FD8AB8-DC70-4F20-A0FE-F8C75867E8A3}"
EndProject
Project("{2150E333-8FDC-42A3-9474-1A3956D46DE8}") = "VSIX", "VSIX", "{896C40EB-C09F-4BF4-9441-EA90F7EEDA56}"
EndProject
Project("{FAE04EC0-301F-11D3-BF4B-00C04F79EFBC}") = "Zet Universe Project Templates", "Zet Universe Project Templates\Zet Universe Project Templates.csproj", "{448EB0FA-4F52-435D-AAFD-A0B2F0845348}"
EndProject
Project("{2150E333-8FDC-42A3-9474-1A3956D46DE8}") = "Apps", "Apps", "{3DB0CB8F-CC9F-4FF9-A26C-91A008AB6CCA}"
EndProject
Project("{FAE04EC0-301F-11D3-BF4B-00C04F79EFBC}") = "BasicAppSample.ZApp", "Templates\ZApps\BasicAppSample.ZApp\BasicAppSample.ZApp.csproj", "{E42DE3D7-9C99-4AD3-98B6-293026979FBD}"
EndProject
Global
	GlobalSection(SolutionConfigurationPlatforms) = preSolution
		CodeAnalysisDebug|Any CPU = CodeAnalysisDebug|Any CPU
		CodeAnalysisDebug|x64 = CodeAnalysisDebug|x64
		CodeAnalysisDebug|x86 = CodeAnalysisDebug|x86
		Debug with FxCop|Any CPU = Debug with FxCop|Any CPU
		Debug with FxCop|x64 = Debug with FxCop|x64
		Debug with FxCop|x86 = Debug with FxCop|x86
		Debug|Any CPU = Debug|Any CPU
		Debug|x64 = Debug|x64
		Debug|x86 = Debug|x86
		Release with FxCop|Any CPU = Release with FxCop|Any CPU
		Release with FxCop|x64 = Release with FxCop|x64
		Release with FxCop|x86 = Release with FxCop|x86
		Release|Any CPU = Release|Any CPU
		Release|x64 = Release|x64
		Release|x86 = Release|x86
	EndGlobalSection
	GlobalSection(ProjectConfigurationPlatforms) = postSolution
		{F7C690C1-0543-41C2-8968-DFFD94F242B1}.CodeAnalysisDebug|Any CPU.ActiveCfg = Debug|Any CPU
		{F7C690C1-0543-41C2-8968-DFFD94F242B1}.CodeAnalysisDebug|Any CPU.Build.0 = Debug|Any CPU
		{F7C690C1-0543-41C2-8968-DFFD94F242B1}.CodeAnalysisDebug|x64.ActiveCfg = Debug|x64
		{F7C690C1-0543-41C2-8968-DFFD94F242B1}.CodeAnalysisDebug|x64.Build.0 = Debug|x64
		{F7C690C1-0543-41C2-8968-DFFD94F242B1}.CodeAnalysisDebug|x86.ActiveCfg = Debug|x86
		{F7C690C1-0543-41C2-8968-DFFD94F242B1}.CodeAnalysisDebug|x86.Build.0 = Debug|x86
		{F7C690C1-0543-41C2-8968-DFFD94F242B1}.Debug with FxCop|Any CPU.ActiveCfg = Debug|Any CPU
		{F7C690C1-0543-41C2-8968-DFFD94F242B1}.Debug with FxCop|Any CPU.Build.0 = Debug|Any CPU
		{F7C690C1-0543-41C2-8968-DFFD94F242B1}.Debug with FxCop|x64.ActiveCfg = Debug|x64
		{F7C690C1-0543-41C2-8968-DFFD94F242B1}.Debug with FxCop|x64.Build.0 = Debug|x64
		{F7C690C1-0543-41C2-8968-DFFD94F242B1}.Debug with FxCop|x86.ActiveCfg = Debug|x86
		{F7C690C1-0543-41C2-8968-DFFD94F242B1}.Debug with FxCop|x86.Build.0 = Debug|x86
		{F7C690C1-0543-41C2-8968-DFFD94F242B1}.Debug|Any CPU.ActiveCfg = Debug|Any CPU
		{F7C690C1-0543-41C2-8968-DFFD94F242B1}.Debug|Any CPU.Build.0 = Debug|Any CPU
		{F7C690C1-0543-41C2-8968-DFFD94F242B1}.Debug|x64.ActiveCfg = Debug|x64
		{F7C690C1-0543-41C2-8968-DFFD94F242B1}.Debug|x64.Build.0 = Debug|x64
		{F7C690C1-0543-41C2-8968-DFFD94F242B1}.Debug|x86.ActiveCfg = Debug|x86
		{F7C690C1-0543-41C2-8968-DFFD94F242B1}.Debug|x86.Build.0 = Debug|x86
		{F7C690C1-0543-41C2-8968-DFFD94F242B1}.Release with FxCop|Any CPU.ActiveCfg = Release|Any CPU
		{F7C690C1-0543-41C2-8968-DFFD94F242B1}.Release with FxCop|Any CPU.Build.0 = Release|Any CPU
		{F7C690C1-0543-41C2-8968-DFFD94F242B1}.Release with FxCop|x64.ActiveCfg = Release|x64
		{F7C690C1-0543-41C2-8968-DFFD94F242B1}.Release with FxCop|x64.Build.0 = Release|x64
		{F7C690C1-0543-41C2-8968-DFFD94F242B1}.Release with FxCop|x86.ActiveCfg = Release|x86
		{F7C690C1-0543-41C2-8968-DFFD94F242B1}.Release with FxCop|x86.Build.0 = Release|x86
		{F7C690C1-0543-41C2-8968-DFFD94F242B1}.Release|Any CPU.ActiveCfg = Release|Any CPU
		{F7C690C1-0543-41C2-8968-DFFD94F242B1}.Release|Any CPU.Build.0 = Release|Any CPU
		{F7C690C1-0543-41C2-8968-DFFD94F242B1}.Release|x64.ActiveCfg = Release|x64
		{F7C690C1-0543-41C2-8968-DFFD94F242B1}.Release|x64.Build.0 = Release|x64
		{F7C690C1-0543-41C2-8968-DFFD94F242B1}.Release|x86.ActiveCfg = Release|x86
		{F7C690C1-0543-41C2-8968-DFFD94F242B1}.Release|x86.Build.0 = Release|x86
		{2FF9956D-2B15-47B4-829E-C7BBBD44BE9F}.CodeAnalysisDebug|Any CPU.ActiveCfg = Debug|Any CPU
		{2FF9956D-2B15-47B4-829E-C7BBBD44BE9F}.CodeAnalysisDebug|Any CPU.Build.0 = Debug|Any CPU
		{2FF9956D-2B15-47B4-829E-C7BBBD44BE9F}.CodeAnalysisDebug|x64.ActiveCfg = Debug|Any CPU
		{2FF9956D-2B15-47B4-829E-C7BBBD44BE9F}.CodeAnalysisDebug|x64.Build.0 = Debug|Any CPU
		{2FF9956D-2B15-47B4-829E-C7BBBD44BE9F}.CodeAnalysisDebug|x86.ActiveCfg = Debug|Any CPU
		{2FF9956D-2B15-47B4-829E-C7BBBD44BE9F}.CodeAnalysisDebug|x86.Build.0 = Debug|Any CPU
		{2FF9956D-2B15-47B4-829E-C7BBBD44BE9F}.Debug with FxCop|Any CPU.ActiveCfg = Debug|Any CPU
		{2FF9956D-2B15-47B4-829E-C7BBBD44BE9F}.Debug with FxCop|Any CPU.Build.0 = Debug|Any CPU
		{2FF9956D-2B15-47B4-829E-C7BBBD44BE9F}.Debug with FxCop|x64.ActiveCfg = Debug|Any CPU
		{2FF9956D-2B15-47B4-829E-C7BBBD44BE9F}.Debug with FxCop|x64.Build.0 = Debug|Any CPU
		{2FF9956D-2B15-47B4-829E-C7BBBD44BE9F}.Debug with FxCop|x86.ActiveCfg = Debug|Any CPU
		{2FF9956D-2B15-47B4-829E-C7BBBD44BE9F}.Debug with FxCop|x86.Build.0 = Debug|Any CPU
		{2FF9956D-2B15-47B4-829E-C7BBBD44BE9F}.Debug|Any CPU.ActiveCfg = Debug|Any CPU
		{2FF9956D-2B15-47B4-829E-C7BBBD44BE9F}.Debug|Any CPU.Build.0 = Debug|Any CPU
		{2FF9956D-2B15-47B4-829E-C7BBBD44BE9F}.Debug|x64.ActiveCfg = Debug|Any CPU
		{2FF9956D-2B15-47B4-829E-C7BBBD44BE9F}.Debug|x64.Build.0 = Debug|Any CPU
		{2FF9956D-2B15-47B4-829E-C7BBBD44BE9F}.Debug|x86.ActiveCfg = Debug|Any CPU
		{2FF9956D-2B15-47B4-829E-C7BBBD44BE9F}.Debug|x86.Build.0 = Debug|Any CPU
		{2FF9956D-2B15-47B4-829E-C7BBBD44BE9F}.Release with FxCop|Any CPU.ActiveCfg = Release|Any CPU
		{2FF9956D-2B15-47B4-829E-C7BBBD44BE9F}.Release with FxCop|Any CPU.Build.0 = Release|Any CPU
		{2FF9956D-2B15-47B4-829E-C7BBBD44BE9F}.Release with FxCop|x64.ActiveCfg = Release|Any CPU
		{2FF9956D-2B15-47B4-829E-C7BBBD44BE9F}.Release with FxCop|x64.Build.0 = Release|Any CPU
		{2FF9956D-2B15-47B4-829E-C7BBBD44BE9F}.Release with FxCop|x86.ActiveCfg = Release|Any CPU
		{2FF9956D-2B15-47B4-829E-C7BBBD44BE9F}.Release with FxCop|x86.Build.0 = Release|Any CPU
		{2FF9956D-2B15-47B4-829E-C7BBBD44BE9F}.Release|Any CPU.ActiveCfg = Release|Any CPU
		{2FF9956D-2B15-47B4-829E-C7BBBD44BE9F}.Release|Any CPU.Build.0 = Release|Any CPU
		{2FF9956D-2B15-47B4-829E-C7BBBD44BE9F}.Release|x64.ActiveCfg = Release|Any CPU
		{2FF9956D-2B15-47B4-829E-C7BBBD44BE9F}.Release|x64.Build.0 = Release|Any CPU
		{2FF9956D-2B15-47B4-829E-C7BBBD44BE9F}.Release|x86.ActiveCfg = Release|Any CPU
		{2FF9956D-2B15-47B4-829E-C7BBBD44BE9F}.Release|x86.Build.0 = Release|Any CPU
		{44968A63-94C3-47B1-9E48-C54C9403DA50}.CodeAnalysisDebug|Any CPU.ActiveCfg = Debug|Any CPU
		{44968A63-94C3-47B1-9E48-C54C9403DA50}.CodeAnalysisDebug|Any CPU.Build.0 = Debug|Any CPU
		{44968A63-94C3-47B1-9E48-C54C9403DA50}.CodeAnalysisDebug|x64.ActiveCfg = Debug|Any CPU
		{44968A63-94C3-47B1-9E48-C54C9403DA50}.CodeAnalysisDebug|x64.Build.0 = Debug|Any CPU
		{44968A63-94C3-47B1-9E48-C54C9403DA50}.CodeAnalysisDebug|x86.ActiveCfg = Debug|Any CPU
		{44968A63-94C3-47B1-9E48-C54C9403DA50}.CodeAnalysisDebug|x86.Build.0 = Debug|Any CPU
		{44968A63-94C3-47B1-9E48-C54C9403DA50}.Debug with FxCop|Any CPU.ActiveCfg = Debug|Any CPU
		{44968A63-94C3-47B1-9E48-C54C9403DA50}.Debug with FxCop|Any CPU.Build.0 = Debug|Any CPU
		{44968A63-94C3-47B1-9E48-C54C9403DA50}.Debug with FxCop|x64.ActiveCfg = Debug|Any CPU
		{44968A63-94C3-47B1-9E48-C54C9403DA50}.Debug with FxCop|x64.Build.0 = Debug|Any CPU
		{44968A63-94C3-47B1-9E48-C54C9403DA50}.Debug with FxCop|x86.ActiveCfg = Debug|Any CPU
		{44968A63-94C3-47B1-9E48-C54C9403DA50}.Debug with FxCop|x86.Build.0 = Debug|Any CPU
		{44968A63-94C3-47B1-9E48-C54C9403DA50}.Debug|Any CPU.ActiveCfg = Debug|Any CPU
		{44968A63-94C3-47B1-9E48-C54C9403DA50}.Debug|Any CPU.Build.0 = Debug|Any CPU
		{44968A63-94C3-47B1-9E48-C54C9403DA50}.Debug|x64.ActiveCfg = Debug|Any CPU
		{44968A63-94C3-47B1-9E48-C54C9403DA50}.Debug|x64.Build.0 = Debug|Any CPU
		{44968A63-94C3-47B1-9E48-C54C9403DA50}.Debug|x86.ActiveCfg = Debug|Any CPU
		{44968A63-94C3-47B1-9E48-C54C9403DA50}.Debug|x86.Build.0 = Debug|Any CPU
		{44968A63-94C3-47B1-9E48-C54C9403DA50}.Release with FxCop|Any CPU.ActiveCfg = Release|Any CPU
		{44968A63-94C3-47B1-9E48-C54C9403DA50}.Release with FxCop|Any CPU.Build.0 = Release|Any CPU
		{44968A63-94C3-47B1-9E48-C54C9403DA50}.Release with FxCop|x64.ActiveCfg = Release|Any CPU
		{44968A63-94C3-47B1-9E48-C54C9403DA50}.Release with FxCop|x64.Build.0 = Release|Any CPU
		{44968A63-94C3-47B1-9E48-C54C9403DA50}.Release with FxCop|x86.ActiveCfg = Release|Any CPU
		{44968A63-94C3-47B1-9E48-C54C9403DA50}.Release with FxCop|x86.Build.0 = Release|Any CPU
		{44968A63-94C3-47B1-9E48-C54C9403DA50}.Release|Any CPU.ActiveCfg = Release|Any CPU
		{44968A63-94C3-47B1-9E48-C54C9403DA50}.Release|Any CPU.Build.0 = Release|Any CPU
		{44968A63-94C3-47B1-9E48-C54C9403DA50}.Release|x64.ActiveCfg = Release|Any CPU
		{44968A63-94C3-47B1-9E48-C54C9403DA50}.Release|x64.Build.0 = Release|Any CPU
		{44968A63-94C3-47B1-9E48-C54C9403DA50}.Release|x86.ActiveCfg = Release|Any CPU
		{44968A63-94C3-47B1-9E48-C54C9403DA50}.Release|x86.Build.0 = Release|Any CPU
		{06FD8AB8-DC70-4F20-A0FE-F8C75867E8A3}.CodeAnalysisDebug|Any CPU.ActiveCfg = Debug|Any CPU
		{06FD8AB8-DC70-4F20-A0FE-F8C75867E8A3}.CodeAnalysisDebug|Any CPU.Build.0 = Debug|Any CPU
		{06FD8AB8-DC70-4F20-A0FE-F8C75867E8A3}.CodeAnalysisDebug|x64.ActiveCfg = Debug|Any CPU
		{06FD8AB8-DC70-4F20-A0FE-F8C75867E8A3}.CodeAnalysisDebug|x64.Build.0 = Debug|Any CPU
		{06FD8AB8-DC70-4F20-A0FE-F8C75867E8A3}.CodeAnalysisDebug|x86.ActiveCfg = Debug|Any CPU
		{06FD8AB8-DC70-4F20-A0FE-F8C75867E8A3}.CodeAnalysisDebug|x86.Build.0 = Debug|Any CPU
		{06FD8AB8-DC70-4F20-A0FE-F8C75867E8A3}.Debug with FxCop|Any CPU.ActiveCfg = Debug|Any CPU
		{06FD8AB8-DC70-4F20-A0FE-F8C75867E8A3}.Debug with FxCop|Any CPU.Build.0 = Debug|Any CPU
		{06FD8AB8-DC70-4F20-A0FE-F8C75867E8A3}.Debug with FxCop|x64.ActiveCfg = Debug|Any CPU
		{06FD8AB8-DC70-4F20-A0FE-F8C75867E8A3}.Debug with FxCop|x64.Build.0 = Debug|Any CPU
		{06FD8AB8-DC70-4F20-A0FE-F8C75867E8A3}.Debug with FxCop|x86.ActiveCfg = Debug|Any CPU
		{06FD8AB8-DC70-4F20-A0FE-F8C75867E8A3}.Debug with FxCop|x86.Build.0 = Debug|Any CPU
		{06FD8AB8-DC70-4F20-A0FE-F8C75867E8A3}.Debug|Any CPU.ActiveCfg = Debug|Any CPU
		{06FD8AB8-DC70-4F20-A0FE-F8C75867E8A3}.Debug|Any CPU.Build.0 = Debug|Any CPU
		{06FD8AB8-DC70-4F20-A0FE-F8C75867E8A3}.Debug|x64.ActiveCfg = Debug|Any CPU
		{06FD8AB8-DC70-4F20-A0FE-F8C75867E8A3}.Debug|x64.Build.0 = Debug|Any CPU
		{06FD8AB8-DC70-4F20-A0FE-F8C75867E8A3}.Debug|x86.ActiveCfg = Debug|Any CPU
		{06FD8AB8-DC70-4F20-A0FE-F8C75867E8A3}.Debug|x86.Build.0 = Debug|Any CPU
		{06FD8AB8-DC70-4F20-A0FE-F8C75867E8A3}.Release with FxCop|Any CPU.ActiveCfg = Release|Any CPU
		{06FD8AB8-DC70-4F20-A0FE-F8C75867E8A3}.Release with FxCop|Any CPU.Build.0 = Release|Any CPU
		{06FD8AB8-DC70-4F20-A0FE-F8C75867E8A3}.Release with FxCop|x64.ActiveCfg = Release|Any CPU
		{06FD8AB8-DC70-4F20-A0FE-F8C75867E8A3}.Release with FxCop|x64.Build.0 = Release|Any CPU
		{06FD8AB8-DC70-4F20-A0FE-F8C75867E8A3}.Release with FxCop|x86.ActiveCfg = Release|Any CPU
		{06FD8AB8-DC70-4F20-A0FE-F8C75867E8A3}.Release with FxCop|x86.Build.0 = Release|Any CPU
		{06FD8AB8-DC70-4F20-A0FE-F8C75867E8A3}.Release|Any CPU.ActiveCfg = Release|Any CPU
		{06FD8AB8-DC70-4F20-A0FE-F8C75867E8A3}.Release|Any CPU.Build.0 = Release|Any CPU
		{06FD8AB8-DC70-4F20-A0FE-F8C75867E8A3}.Release|x64.ActiveCfg = Release|Any CPU
		{06FD8AB8-DC70-4F20-A0FE-F8C75867E8A3}.Release|x64.Build.0 = Release|Any CPU
		{06FD8AB8-DC70-4F20-A0FE-F8C75867E8A3}.Release|x86.ActiveCfg = Release|Any CPU
		{06FD8AB8-DC70-4F20-A0FE-F8C75867E8A3}.Release|x86.Build.0 = Release|Any CPU
		{448EB0FA-4F52-435D-AAFD-A0B2F0845348}.CodeAnalysisDebug|Any CPU.ActiveCfg = Debug|Any CPU
		{448EB0FA-4F52-435D-AAFD-A0B2F0845348}.CodeAnalysisDebug|Any CPU.Build.0 = Debug|Any CPU
		{448EB0FA-4F52-435D-AAFD-A0B2F0845348}.CodeAnalysisDebug|x64.ActiveCfg = Debug|Any CPU
		{448EB0FA-4F52-435D-AAFD-A0B2F0845348}.CodeAnalysisDebug|x64.Build.0 = Debug|Any CPU
		{448EB0FA-4F52-435D-AAFD-A0B2F0845348}.CodeAnalysisDebug|x86.ActiveCfg = Debug|Any CPU
		{448EB0FA-4F52-435D-AAFD-A0B2F0845348}.CodeAnalysisDebug|x86.Build.0 = Debug|Any CPU
		{448EB0FA-4F52-435D-AAFD-A0B2F0845348}.Debug with FxCop|Any CPU.ActiveCfg = Debug|Any CPU
		{448EB0FA-4F52-435D-AAFD-A0B2F0845348}.Debug with FxCop|Any CPU.Build.0 = Debug|Any CPU
		{448EB0FA-4F52-435D-AAFD-A0B2F0845348}.Debug with FxCop|x64.ActiveCfg = Debug|Any CPU
		{448EB0FA-4F52-435D-AAFD-A0B2F0845348}.Debug with FxCop|x64.Build.0 = Debug|Any CPU
		{448EB0FA-4F52-435D-AAFD-A0B2F0845348}.Debug with FxCop|x86.ActiveCfg = Debug|Any CPU
		{448EB0FA-4F52-435D-AAFD-A0B2F0845348}.Debug with FxCop|x86.Build.0 = Debug|Any CPU
		{448EB0FA-4F52-435D-AAFD-A0B2F0845348}.Debug|Any CPU.ActiveCfg = Debug|Any CPU
		{448EB0FA-4F52-435D-AAFD-A0B2F0845348}.Debug|Any CPU.Build.0 = Debug|Any CPU
		{448EB0FA-4F52-435D-AAFD-A0B2F0845348}.Debug|x64.ActiveCfg = Debug|Any CPU
		{448EB0FA-4F52-435D-AAFD-A0B2F0845348}.Debug|x64.Build.0 = Debug|Any CPU
		{448EB0FA-4F52-435D-AAFD-A0B2F0845348}.Debug|x86.ActiveCfg = Debug|Any CPU
		{448EB0FA-4F52-435D-AAFD-A0B2F0845348}.Debug|x86.Build.0 = Debug|Any CPU
		{448EB0FA-4F52-435D-AAFD-A0B2F0845348}.Release with FxCop|Any CPU.ActiveCfg = Release|Any CPU
		{448EB0FA-4F52-435D-AAFD-A0B2F0845348}.Release with FxCop|Any CPU.Build.0 = Release|Any CPU
		{448EB0FA-4F52-435D-AAFD-A0B2F0845348}.Release with FxCop|x64.ActiveCfg = Release|Any CPU
		{448EB0FA-4F52-435D-AAFD-A0B2F0845348}.Release with FxCop|x64.Build.0 = Release|Any CPU
		{448EB0FA-4F52-435D-AAFD-A0B2F0845348}.Release with FxCop|x86.ActiveCfg = Release|Any CPU
		{448EB0FA-4F52-435D-AAFD-A0B2F0845348}.Release with FxCop|x86.Build.0 = Release|Any CPU
		{448EB0FA-4F52-435D-AAFD-A0B2F0845348}.Release|Any CPU.ActiveCfg = Release|Any CPU
		{448EB0FA-4F52-435D-AAFD-A0B2F0845348}.Release|Any CPU.Build.0 = Release|Any CPU
		{448EB0FA-4F52-435D-AAFD-A0B2F0845348}.Release|x64.ActiveCfg = Release|Any CPU
		{448EB0FA-4F52-435D-AAFD-A0B2F0845348}.Release|x64.Build.0 = Release|Any CPU
		{448EB0FA-4F52-435D-AAFD-A0B2F0845348}.Release|x86.ActiveCfg = Release|Any CPU
		{448EB0FA-4F52-435D-AAFD-A0B2F0845348}.Release|x86.Build.0 = Release|Any CPU
		{E42DE3D7-9C99-4AD3-98B6-293026979FBD}.CodeAnalysisDebug|Any CPU.ActiveCfg = Debug|Any CPU
		{E42DE3D7-9C99-4AD3-98B6-293026979FBD}.CodeAnalysisDebug|Any CPU.Build.0 = Debug|Any CPU
		{E42DE3D7-9C99-4AD3-98B6-293026979FBD}.CodeAnalysisDebug|x64.ActiveCfg = Debug|Any CPU
		{E42DE3D7-9C99-4AD3-98B6-293026979FBD}.CodeAnalysisDebug|x64.Build.0 = Debug|Any CPU
		{E42DE3D7-9C99-4AD3-98B6-293026979FBD}.CodeAnalysisDebug|x86.ActiveCfg = Debug|Any CPU
		{E42DE3D7-9C99-4AD3-98B6-293026979FBD}.CodeAnalysisDebug|x86.Build.0 = Debug|Any CPU
		{E42DE3D7-9C99-4AD3-98B6-293026979FBD}.Debug with FxCop|Any CPU.ActiveCfg = Debug|Any CPU
		{E42DE3D7-9C99-4AD3-98B6-293026979FBD}.Debug with FxCop|Any CPU.Build.0 = Debug|Any CPU
		{E42DE3D7-9C99-4AD3-98B6-293026979FBD}.Debug with FxCop|x64.ActiveCfg = Debug|Any CPU
		{E42DE3D7-9C99-4AD3-98B6-293026979FBD}.Debug with FxCop|x64.Build.0 = Debug|Any CPU
		{E42DE3D7-9C99-4AD3-98B6-293026979FBD}.Debug with FxCop|x86.ActiveCfg = Debug|Any CPU
		{E42DE3D7-9C99-4AD3-98B6-293026979FBD}.Debug with FxCop|x86.Build.0 = Debug|Any CPU
		{E42DE3D7-9C99-4AD3-98B6-293026979FBD}.Debug|Any CPU.ActiveCfg = Debug|Any CPU
		{E42DE3D7-9C99-4AD3-98B6-293026979FBD}.Debug|Any CPU.Build.0 = Debug|Any CPU
		{E42DE3D7-9C99-4AD3-98B6-293026979FBD}.Debug|x64.ActiveCfg = Debug|Any CPU
		{E42DE3D7-9C99-4AD3-98B6-293026979FBD}.Debug|x64.Build.0 = Debug|Any CPU
		{E42DE3D7-9C99-4AD3-98B6-293026979FBD}.Debug|x86.ActiveCfg = Debug|Any CPU
		{E42DE3D7-9C99-4AD3-98B6-293026979FBD}.Debug|x86.Build.0 = Debug|Any CPU
		{E42DE3D7-9C99-4AD3-98B6-293026979FBD}.Release with FxCop|Any CPU.ActiveCfg = Release|Any CPU
		{E42DE3D7-9C99-4AD3-98B6-293026979FBD}.Release with FxCop|Any CPU.Build.0 = Release|Any CPU
		{E42DE3D7-9C99-4AD3-98B6-293026979FBD}.Release with FxCop|x64.ActiveCfg = Release|Any CPU
		{E42DE3D7-9C99-4AD3-98B6-293026979FBD}.Release with FxCop|x64.Build.0 = Release|Any CPU
		{E42DE3D7-9C99-4AD3-98B6-293026979FBD}.Release with FxCop|x86.ActiveCfg = Release|Any CPU
		{E42DE3D7-9C99-4AD3-98B6-293026979FBD}.Release with FxCop|x86.Build.0 = Release|Any CPU
		{E42DE3D7-9C99-4AD3-98B6-293026979FBD}.Release|Any CPU.ActiveCfg = Release|Any CPU
		{E42DE3D7-9C99-4AD3-98B6-293026979FBD}.Release|Any CPU.Build.0 = Release|Any CPU
		{E42DE3D7-9C99-4AD3-98B6-293026979FBD}.Release|x64.ActiveCfg = Release|Any CPU
		{E42DE3D7-9C99-4AD3-98B6-293026979FBD}.Release|x64.Build.0 = Release|Any CPU
		{E42DE3D7-9C99-4AD3-98B6-293026979FBD}.Release|x86.ActiveCfg = Release|Any CPU
		{E42DE3D7-9C99-4AD3-98B6-293026979FBD}.Release|x86.Build.0 = Release|Any CPU
	EndGlobalSection
	GlobalSection(SolutionProperties) = preSolution
		HideSolutionNode = FALSE
	EndGlobalSection
	GlobalSection(NestedProjects) = preSolution
		{F7C690C1-0543-41C2-8968-DFFD94F242B1} = {AF139932-022A-46B7-9972-86C007E48606}
		{29AB788B-1429-41BC-85F5-010D86E6630A} = {1A27A9E0-9318-42F5-8D05-32DFCE36F0A4}
		{06FD8AB8-DC70-4F20-A0FE-F8C75867E8A3} = {29AB788B-1429-41BC-85F5-010D86E6630A}
		{896C40EB-C09F-4BF4-9441-EA90F7EEDA56} = {1A27A9E0-9318-42F5-8D05-32DFCE36F0A4}
		{448EB0FA-4F52-435D-AAFD-A0B2F0845348} = {896C40EB-C09F-4BF4-9441-EA90F7EEDA56}
		{3DB0CB8F-CC9F-4FF9-A26C-91A008AB6CCA} = {1A27A9E0-9318-42F5-8D05-32DFCE36F0A4}
		{E42DE3D7-9C99-4AD3-98B6-293026979FBD} = {3DB0CB8F-CC9F-4FF9-A26C-91A008AB6CCA}
	EndGlobalSection
EndGlobal
